
Microsoft Visual Studio Solution File, Format Version 12.00
# Visual Studio Version 17
VisualStudioVersion = 17.4.33110.190
MinimumVisualStudioVersion = 10.0.40219.1
Project("{2150E333-8FDC-42A3-9474-1A3956D46DE8}") = "_ref", "_ref", "{8ACCED3A-F4AB-4789-AF9A-5E109A7B2847}"
EndProject
Project("{FAE04EC0-301F-11D3-BF4B-00C04F79EFBC}") = "nilnul.geometry._planar_._TEST_", "nilnul.geometry._planar_._TEST_.csproj", "{E5F014C5-2D7F-4A3E-A0E3-5CAECB4E3626}"
EndProject
Project("{FAE04EC0-301F-11D3-BF4B-00C04F79EFBC}") = "nilnul.geometry._planar_._LIB_", "..\_LIB_(Git\nilnul.geometry._planar_._LIB_.csproj", "{AEDC4F41-75C0-4EB3-9B2D-D87CA05E26C5}"
EndProject
Project("{2150E333-8FDC-42A3-9474-1A3956D46DE8}") = "NewFolder1", "NewFolder1", "{AAEEC96E-0C1F-4D3C-85E7-CE1A589F8DAC}"
EndProject
Project("{FAE04EC0-301F-11D3-BF4B-00C04F79EFBC}") = "nilnul.web._css_._LIB_", "..\..\nilnul.web._css_\_LIB_(Git\nilnul.web._css_._LIB_.csproj", "{19DDFB9E-0C2F-4CEA-9C4E-308B0A8399B1}"
EndProject
Project("{2150E333-8FDC-42A3-9474-1A3956D46DE8}") = "NewFolder1", "NewFolder1", "{910366A8-CC55-43D6-BAA9-25B643612140}"
EndProject
Project("{FAE04EC0-301F-11D3-BF4B-00C04F79EFBC}") = "nilnul._geometry_._LIB_", "..\_LIB_\nilnul._geometry_._LIB_.csproj", "{3E261E42-FFA4-497F-AF1A-B19DD3548D18}"
EndProject
Project("{FAE04EC0-301F-11D3-BF4B-00C04F79EFBC}") = "nilnul._geometry_._TEST_", "nilnul._geometry_._TEST_.csproj", "{91901677-194C-419D-8400-7B557DC711A3}"
EndProject
Project("{2150E333-8FDC-42A3-9474-1A3956D46DE8}") = "600-NewFolder1", "600-NewFolder1", "{2CFDFB2B-35A0-4073-A2E6-E62095E43F4F}"
	ProjectSection(SolutionItems) = preProject
		curve_\cloze_\simple_\arch_\vault_\size\UnitTest1 - Copy.cs = curve_\cloze_\simple_\arch_\vault_\size\UnitTest1 - Copy.cs
	EndProjectSection
EndProject
Project("{2150E333-8FDC-42A3-9474-1A3956D46DE8}") = "NewFolder1", "NewFolder1", "{1F47A5A8-5B07-464C-96E8-2E5C6D99735A}"
	ProjectSection(SolutionItems) = preProject
		curve_\cloze_\rect\cornerCropped\concaveRounded\measured\draw\UnitTest1.cs = curve_\cloze_\rect\cornerCropped\concaveRounded\measured\draw\UnitTest1.cs
	EndProjectSection
EndProject
Project("{2150E333-8FDC-42A3-9474-1A3956D46DE8}") = "_test", "_test", "{AA0081C9-0734-48F8-8A05-35BAD74E41BD}"
EndProject
Project("{2150E333-8FDC-42A3-9474-1A3956D46DE8}") = "950-test", "950-test", "{2BB7787E-0021-4C63-B353-CEBC5FD871C7}"
EndProject
Project("{2150E333-8FDC-42A3-9474-1A3956D46DE8}") = "_test", "_test", "{C6B30397-5B80-4A14-8851-5D2306F9F8A0}"
EndProject
Global
	GlobalSection(SolutionConfigurationPlatforms) = preSolution
		_Temp|Any CPU = _Temp|Any CPU
		_Temp|Mixed Platforms = _Temp|Mixed Platforms
		_Temp|x86 = _Temp|x86
		Debug|Any CPU = Debug|Any CPU
		Debug|Mixed Platforms = Debug|Mixed Platforms
		Debug|x86 = Debug|x86
		debug2pub|Any CPU = debug2pub|Any CPU
		debug2pub|Mixed Platforms = debug2pub|Mixed Platforms
		debug2pub|x86 = debug2pub|x86
		Dev2nuget|Any CPU = Dev2nuget|Any CPU
		Dev2nuget|Mixed Platforms = Dev2nuget|Mixed Platforms
		Dev2nuget|x86 = Dev2nuget|x86
		hbue__deptS_ccpOrg___release|Any CPU = hbue__deptS_ccpOrg___release|Any CPU
		hbue__deptS_ccpOrg___release|Mixed Platforms = hbue__deptS_ccpOrg___release|Mixed Platforms
		hbue__deptS_ccpOrg___release|x86 = hbue__deptS_ccpOrg___release|x86
		hbue__deptS_ccpOrg|Any CPU = hbue__deptS_ccpOrg|Any CPU
		hbue__deptS_ccpOrg|Mixed Platforms = hbue__deptS_ccpOrg|Mixed Platforms
		hbue__deptS_ccpOrg|x86 = hbue__deptS_ccpOrg|x86
		Hbue40|Any CPU = Hbue40|Any CPU
		Hbue40|Mixed Platforms = Hbue40|Mixed Platforms
		Hbue40|x86 = Hbue40|x86
		Nuget|Any CPU = Nuget|Any CPU
		Nuget|Mixed Platforms = Nuget|Mixed Platforms
		Nuget|x86 = Nuget|x86
		PreferChinese|Any CPU = PreferChinese|Any CPU
		PreferChinese|Mixed Platforms = PreferChinese|Mixed Platforms
		PreferChinese|x86 = PreferChinese|x86
		Release_PreferChinese|Any CPU = Release_PreferChinese|Any CPU
		Release_PreferChinese|Mixed Platforms = Release_PreferChinese|Mixed Platforms
		Release_PreferChinese|x86 = Release_PreferChinese|x86
		Release|Any CPU = Release|Any CPU
		Release|Mixed Platforms = Release|Mixed Platforms
		Release|x86 = Release|x86
		Sym2nuget|Any CPU = Sym2nuget|Any CPU
		Sym2nuget|Mixed Platforms = Sym2nuget|Mixed Platforms
		Sym2nuget|x86 = Sym2nuget|x86
		Symbol|Any CPU = Symbol|Any CPU
		Symbol|Mixed Platforms = Symbol|Mixed Platforms
		Symbol|x86 = Symbol|x86
		Symbols4Debug|Any CPU = Symbols4Debug|Any CPU
		Symbols4Debug|Mixed Platforms = Symbols4Debug|Mixed Platforms
		Symbols4Debug|x86 = Symbols4Debug|x86
		test_release|Any CPU = test_release|Any CPU
		test_release|Mixed Platforms = test_release|Mixed Platforms
		test_release|x86 = test_release|x86
		Trial|Any CPU = Trial|Any CPU
		Trial|Mixed Platforms = Trial|Mixed Platforms
		Trial|x86 = Trial|x86
	EndGlobalSection
	GlobalSection(ProjectConfigurationPlatforms) = postSolution
		{E5F014C5-2D7F-4A3E-A0E3-5CAECB4E3626}._Temp|Any CPU.ActiveCfg = Release|Any CPU
		{E5F014C5-2D7F-4A3E-A0E3-5CAECB4E3626}._Temp|Any CPU.Build.0 = Release|Any CPU
		{E5F014C5-2D7F-4A3E-A0E3-5CAECB4E3626}._Temp|Mixed Platforms.ActiveCfg = Release|Any CPU
		{E5F014C5-2D7F-4A3E-A0E3-5CAECB4E3626}._Temp|Mixed Platforms.Build.0 = Release|Any CPU
		{E5F014C5-2D7F-4A3E-A0E3-5CAECB4E3626}._Temp|x86.ActiveCfg = Release|Any CPU
		{E5F014C5-2D7F-4A3E-A0E3-5CAECB4E3626}.Debug|Any CPU.ActiveCfg = Debug|Any CPU
		{E5F014C5-2D7F-4A3E-A0E3-5CAECB4E3626}.Debug|Any CPU.Build.0 = Debug|Any CPU
		{E5F014C5-2D7F-4A3E-A0E3-5CAECB4E3626}.Debug|Mixed Platforms.ActiveCfg = Debug|Any CPU
		{E5F014C5-2D7F-4A3E-A0E3-5CAECB4E3626}.Debug|Mixed Platforms.Build.0 = Debug|Any CPU
		{E5F014C5-2D7F-4A3E-A0E3-5CAECB4E3626}.Debug|x86.ActiveCfg = Debug|Any CPU
		{E5F014C5-2D7F-4A3E-A0E3-5CAECB4E3626}.debug2pub|Any CPU.ActiveCfg = Debug|Any CPU
		{E5F014C5-2D7F-4A3E-A0E3-5CAECB4E3626}.debug2pub|Any CPU.Build.0 = Debug|Any CPU
		{E5F014C5-2D7F-4A3E-A0E3-5CAECB4E3626}.debug2pub|Mixed Platforms.ActiveCfg = Debug|Any CPU
		{E5F014C5-2D7F-4A3E-A0E3-5CAECB4E3626}.debug2pub|Mixed Platforms.Build.0 = Debug|Any CPU
		{E5F014C5-2D7F-4A3E-A0E3-5CAECB4E3626}.debug2pub|x86.ActiveCfg = Debug|Any CPU
		{E5F014C5-2D7F-4A3E-A0E3-5CAECB4E3626}.debug2pub|x86.Build.0 = Debug|Any CPU
		{E5F014C5-2D7F-4A3E-A0E3-5CAECB4E3626}.Dev2nuget|Any CPU.ActiveCfg = Debug|Any CPU
		{E5F014C5-2D7F-4A3E-A0E3-5CAECB4E3626}.Dev2nuget|Any CPU.Build.0 = Debug|Any CPU
		{E5F014C5-2D7F-4A3E-A0E3-5CAECB4E3626}.Dev2nuget|Mixed Platforms.ActiveCfg = Debug|Any CPU
		{E5F014C5-2D7F-4A3E-A0E3-5CAECB4E3626}.Dev2nuget|Mixed Platforms.Build.0 = Debug|Any CPU
		{E5F014C5-2D7F-4A3E-A0E3-5CAECB4E3626}.Dev2nuget|x86.ActiveCfg = Debug|Any CPU
		{E5F014C5-2D7F-4A3E-A0E3-5CAECB4E3626}.Dev2nuget|x86.Build.0 = Debug|Any CPU
		{E5F014C5-2D7F-4A3E-A0E3-5CAECB4E3626}.hbue__deptS_ccpOrg___release|Any CPU.ActiveCfg = Debug|Any CPU
		{E5F014C5-2D7F-4A3E-A0E3-5CAECB4E3626}.hbue__deptS_ccpOrg___release|Any CPU.Build.0 = Debug|Any CPU
		{E5F014C5-2D7F-4A3E-A0E3-5CAECB4E3626}.hbue__deptS_ccpOrg___release|Mixed Platforms.ActiveCfg = Debug|Any CPU
		{E5F014C5-2D7F-4A3E-A0E3-5CAECB4E3626}.hbue__deptS_ccpOrg___release|Mixed Platforms.Build.0 = Debug|Any CPU
		{E5F014C5-2D7F-4A3E-A0E3-5CAECB4E3626}.hbue__deptS_ccpOrg___release|x86.ActiveCfg = Debug|Any CPU
		{E5F014C5-2D7F-4A3E-A0E3-5CAECB4E3626}.hbue__deptS_ccpOrg___release|x86.Build.0 = Debug|Any CPU
		{E5F014C5-2D7F-4A3E-A0E3-5CAECB4E3626}.hbue__deptS_ccpOrg|Any CPU.ActiveCfg = Debug|Any CPU
		{E5F014C5-2D7F-4A3E-A0E3-5CAECB4E3626}.hbue__deptS_ccpOrg|Any CPU.Build.0 = Debug|Any CPU
		{E5F014C5-2D7F-4A3E-A0E3-5CAECB4E3626}.hbue__deptS_ccpOrg|Mixed Platforms.ActiveCfg = Debug|Any CPU
		{E5F014C5-2D7F-4A3E-A0E3-5CAECB4E3626}.hbue__deptS_ccpOrg|Mixed Platforms.Build.0 = Debug|Any CPU
		{E5F014C5-2D7F-4A3E-A0E3-5CAECB4E3626}.hbue__deptS_ccpOrg|x86.ActiveCfg = Debug|Any CPU
		{E5F014C5-2D7F-4A3E-A0E3-5CAECB4E3626}.hbue__deptS_ccpOrg|x86.Build.0 = Debug|Any CPU
		{E5F014C5-2D7F-4A3E-A0E3-5CAECB4E3626}.Hbue40|Any CPU.ActiveCfg = Debug|Any CPU
		{E5F014C5-2D7F-4A3E-A0E3-5CAECB4E3626}.Hbue40|Any CPU.Build.0 = Debug|Any CPU
		{E5F014C5-2D7F-4A3E-A0E3-5CAECB4E3626}.Hbue40|Mixed Platforms.ActiveCfg = Debug|Any CPU
		{E5F014C5-2D7F-4A3E-A0E3-5CAECB4E3626}.Hbue40|Mixed Platforms.Build.0 = Debug|Any CPU
		{E5F014C5-2D7F-4A3E-A0E3-5CAECB4E3626}.Hbue40|x86.ActiveCfg = Debug|Any CPU
		{E5F014C5-2D7F-4A3E-A0E3-5CAECB4E3626}.Hbue40|x86.Build.0 = Debug|Any CPU
		{E5F014C5-2D7F-4A3E-A0E3-5CAECB4E3626}.Nuget|Any CPU.ActiveCfg = Nuget|Any CPU
		{E5F014C5-2D7F-4A3E-A0E3-5CAECB4E3626}.Nuget|Any CPU.Build.0 = Nuget|Any CPU
		{E5F014C5-2D7F-4A3E-A0E3-5CAECB4E3626}.Nuget|Mixed Platforms.ActiveCfg = Nuget|Any CPU
		{E5F014C5-2D7F-4A3E-A0E3-5CAECB4E3626}.Nuget|Mixed Platforms.Build.0 = Nuget|Any CPU
		{E5F014C5-2D7F-4A3E-A0E3-5CAECB4E3626}.Nuget|x86.ActiveCfg = Nuget|Any CPU
		{E5F014C5-2D7F-4A3E-A0E3-5CAECB4E3626}.Nuget|x86.Build.0 = Nuget|Any CPU
		{E5F014C5-2D7F-4A3E-A0E3-5CAECB4E3626}.PreferChinese|Any CPU.ActiveCfg = Debug|Any CPU
		{E5F014C5-2D7F-4A3E-A0E3-5CAECB4E3626}.PreferChinese|Any CPU.Build.0 = Debug|Any CPU
		{E5F014C5-2D7F-4A3E-A0E3-5CAECB4E3626}.PreferChinese|Mixed Platforms.ActiveCfg = Debug|Any CPU
		{E5F014C5-2D7F-4A3E-A0E3-5CAECB4E3626}.PreferChinese|Mixed Platforms.Build.0 = Debug|Any CPU
		{E5F014C5-2D7F-4A3E-A0E3-5CAECB4E3626}.PreferChinese|x86.ActiveCfg = Debug|Any CPU
		{E5F014C5-2D7F-4A3E-A0E3-5CAECB4E3626}.PreferChinese|x86.Build.0 = Debug|Any CPU
		{E5F014C5-2D7F-4A3E-A0E3-5CAECB4E3626}.Release_PreferChinese|Any CPU.ActiveCfg = Release|Any CPU
		{E5F014C5-2D7F-4A3E-A0E3-5CAECB4E3626}.Release_PreferChinese|Any CPU.Build.0 = Release|Any CPU
		{E5F014C5-2D7F-4A3E-A0E3-5CAECB4E3626}.Release_PreferChinese|Mixed Platforms.ActiveCfg = Release|Any CPU
		{E5F014C5-2D7F-4A3E-A0E3-5CAECB4E3626}.Release_PreferChinese|Mixed Platforms.Build.0 = Release|Any CPU
		{E5F014C5-2D7F-4A3E-A0E3-5CAECB4E3626}.Release_PreferChinese|x86.ActiveCfg = Release|Any CPU
		{E5F014C5-2D7F-4A3E-A0E3-5CAECB4E3626}.Release_PreferChinese|x86.Build.0 = Release|Any CPU
		{E5F014C5-2D7F-4A3E-A0E3-5CAECB4E3626}.Release|Any CPU.ActiveCfg = Release|Any CPU
		{E5F014C5-2D7F-4A3E-A0E3-5CAECB4E3626}.Release|Any CPU.Build.0 = Release|Any CPU
		{E5F014C5-2D7F-4A3E-A0E3-5CAECB4E3626}.Release|Mixed Platforms.ActiveCfg = Release|Any CPU
		{E5F014C5-2D7F-4A3E-A0E3-5CAECB4E3626}.Release|Mixed Platforms.Build.0 = Release|Any CPU
		{E5F014C5-2D7F-4A3E-A0E3-5CAECB4E3626}.Release|x86.ActiveCfg = Release|Any CPU
		{E5F014C5-2D7F-4A3E-A0E3-5CAECB4E3626}.Sym2nuget|Any CPU.ActiveCfg = Sym2nuget|Any CPU
		{E5F014C5-2D7F-4A3E-A0E3-5CAECB4E3626}.Sym2nuget|Any CPU.Build.0 = Sym2nuget|Any CPU
		{E5F014C5-2D7F-4A3E-A0E3-5CAECB4E3626}.Sym2nuget|Mixed Platforms.ActiveCfg = Sym2nuget|Any CPU
		{E5F014C5-2D7F-4A3E-A0E3-5CAECB4E3626}.Sym2nuget|Mixed Platforms.Build.0 = Sym2nuget|Any CPU
		{E5F014C5-2D7F-4A3E-A0E3-5CAECB4E3626}.Sym2nuget|x86.ActiveCfg = Sym2nuget|Any CPU
		{E5F014C5-2D7F-4A3E-A0E3-5CAECB4E3626}.Sym2nuget|x86.Build.0 = Sym2nuget|Any CPU
		{E5F014C5-2D7F-4A3E-A0E3-5CAECB4E3626}.Symbol|Any CPU.ActiveCfg = Symbol|Any CPU
		{E5F014C5-2D7F-4A3E-A0E3-5CAECB4E3626}.Symbol|Any CPU.Build.0 = Symbol|Any CPU
		{E5F014C5-2D7F-4A3E-A0E3-5CAECB4E3626}.Symbol|Mixed Platforms.ActiveCfg = Symbol|Any CPU
		{E5F014C5-2D7F-4A3E-A0E3-5CAECB4E3626}.Symbol|Mixed Platforms.Build.0 = Symbol|Any CPU
		{E5F014C5-2D7F-4A3E-A0E3-5CAECB4E3626}.Symbol|x86.ActiveCfg = Symbol|Any CPU
		{E5F014C5-2D7F-4A3E-A0E3-5CAECB4E3626}.Symbol|x86.Build.0 = Symbol|Any CPU
		{E5F014C5-2D7F-4A3E-A0E3-5CAECB4E3626}.Symbols4Debug|Any CPU.ActiveCfg = Symbols4Debug|Any CPU
		{E5F014C5-2D7F-4A3E-A0E3-5CAECB4E3626}.Symbols4Debug|Any CPU.Build.0 = Symbols4Debug|Any CPU
		{E5F014C5-2D7F-4A3E-A0E3-5CAECB4E3626}.Symbols4Debug|Mixed Platforms.ActiveCfg = Symbols4Debug|Any CPU
		{E5F014C5-2D7F-4A3E-A0E3-5CAECB4E3626}.Symbols4Debug|Mixed Platforms.Build.0 = Symbols4Debug|Any CPU
		{E5F014C5-2D7F-4A3E-A0E3-5CAECB4E3626}.Symbols4Debug|x86.ActiveCfg = Symbols4Debug|Any CPU
		{E5F014C5-2D7F-4A3E-A0E3-5CAECB4E3626}.Symbols4Debug|x86.Build.0 = Symbols4Debug|Any CPU
		{E5F014C5-2D7F-4A3E-A0E3-5CAECB4E3626}.test_release|Any CPU.ActiveCfg = Debug|Any CPU
		{E5F014C5-2D7F-4A3E-A0E3-5CAECB4E3626}.test_release|Any CPU.Build.0 = Debug|Any CPU
		{E5F014C5-2D7F-4A3E-A0E3-5CAECB4E3626}.test_release|Mixed Platforms.ActiveCfg = Debug|Any CPU
		{E5F014C5-2D7F-4A3E-A0E3-5CAECB4E3626}.test_release|Mixed Platforms.Build.0 = Debug|Any CPU
		{E5F014C5-2D7F-4A3E-A0E3-5CAECB4E3626}.test_release|x86.ActiveCfg = Debug|Any CPU
		{E5F014C5-2D7F-4A3E-A0E3-5CAECB4E3626}.test_release|x86.Build.0 = Debug|Any CPU
		{E5F014C5-2D7F-4A3E-A0E3-5CAECB4E3626}.Trial|Any CPU.ActiveCfg = Trial|Any CPU
		{E5F014C5-2D7F-4A3E-A0E3-5CAECB4E3626}.Trial|Any CPU.Build.0 = Trial|Any CPU
		{E5F014C5-2D7F-4A3E-A0E3-5CAECB4E3626}.Trial|Mixed Platforms.ActiveCfg = Trial|Any CPU
		{E5F014C5-2D7F-4A3E-A0E3-5CAECB4E3626}.Trial|Mixed Platforms.Build.0 = Trial|Any CPU
		{E5F014C5-2D7F-4A3E-A0E3-5CAECB4E3626}.Trial|x86.ActiveCfg = Trial|Any CPU
		{E5F014C5-2D7F-4A3E-A0E3-5CAECB4E3626}.Trial|x86.Build.0 = Trial|Any CPU
		{AEDC4F41-75C0-4EB3-9B2D-D87CA05E26C5}._Temp|Any CPU.ActiveCfg = Symbols4Debug|Any CPU
		{AEDC4F41-75C0-4EB3-9B2D-D87CA05E26C5}._Temp|Any CPU.Build.0 = Symbols4Debug|Any CPU
		{AEDC4F41-75C0-4EB3-9B2D-D87CA05E26C5}._Temp|Mixed Platforms.ActiveCfg = Symbols4Debug|Any CPU
		{AEDC4F41-75C0-4EB3-9B2D-D87CA05E26C5}._Temp|Mixed Platforms.Build.0 = Symbols4Debug|Any CPU
		{AEDC4F41-75C0-4EB3-9B2D-D87CA05E26C5}._Temp|x86.ActiveCfg = Symbols4Debug|Any CPU
		{AEDC4F41-75C0-4EB3-9B2D-D87CA05E26C5}._Temp|x86.Build.0 = Symbols4Debug|Any CPU
		{AEDC4F41-75C0-4EB3-9B2D-D87CA05E26C5}.Debug|Any CPU.ActiveCfg = Debug|Any CPU
		{AEDC4F41-75C0-4EB3-9B2D-D87CA05E26C5}.Debug|Any CPU.Build.0 = Debug|Any CPU
		{AEDC4F41-75C0-4EB3-9B2D-D87CA05E26C5}.Debug|Mixed Platforms.ActiveCfg = Debug|Any CPU
		{AEDC4F41-75C0-4EB3-9B2D-D87CA05E26C5}.Debug|Mixed Platforms.Build.0 = Debug|Any CPU
		{AEDC4F41-75C0-4EB3-9B2D-D87CA05E26C5}.Debug|x86.ActiveCfg = Debug|Any CPU
		{AEDC4F41-75C0-4EB3-9B2D-D87CA05E26C5}.Debug|x86.Build.0 = Debug|Any CPU
		{AEDC4F41-75C0-4EB3-9B2D-D87CA05E26C5}.debug2pub|Any CPU.ActiveCfg = Debug|Any CPU
		{AEDC4F41-75C0-4EB3-9B2D-D87CA05E26C5}.debug2pub|Any CPU.Build.0 = Debug|Any CPU
		{AEDC4F41-75C0-4EB3-9B2D-D87CA05E26C5}.debug2pub|Mixed Platforms.ActiveCfg = Debug|Any CPU
		{AEDC4F41-75C0-4EB3-9B2D-D87CA05E26C5}.debug2pub|Mixed Platforms.Build.0 = Debug|Any CPU
		{AEDC4F41-75C0-4EB3-9B2D-D87CA05E26C5}.debug2pub|x86.ActiveCfg = Debug|Any CPU
		{AEDC4F41-75C0-4EB3-9B2D-D87CA05E26C5}.debug2pub|x86.Build.0 = Debug|Any CPU
		{AEDC4F41-75C0-4EB3-9B2D-D87CA05E26C5}.Dev2nuget|Any CPU.ActiveCfg = Dev2nuget|Any CPU
		{AEDC4F41-75C0-4EB3-9B2D-D87CA05E26C5}.Dev2nuget|Any CPU.Build.0 = Dev2nuget|Any CPU
		{AEDC4F41-75C0-4EB3-9B2D-D87CA05E26C5}.Dev2nuget|Mixed Platforms.ActiveCfg = Dev2nuget|Any CPU
		{AEDC4F41-75C0-4EB3-9B2D-D87CA05E26C5}.Dev2nuget|Mixed Platforms.Build.0 = Dev2nuget|Any CPU
		{AEDC4F41-75C0-4EB3-9B2D-D87CA05E26C5}.Dev2nuget|x86.ActiveCfg = Dev2nuget|Any CPU
		{AEDC4F41-75C0-4EB3-9B2D-D87CA05E26C5}.Dev2nuget|x86.Build.0 = Dev2nuget|Any CPU
		{AEDC4F41-75C0-4EB3-9B2D-D87CA05E26C5}.hbue__deptS_ccpOrg___release|Any CPU.ActiveCfg = Symbols4Debug|Any CPU
		{AEDC4F41-75C0-4EB3-9B2D-D87CA05E26C5}.hbue__deptS_ccpOrg___release|Any CPU.Build.0 = Symbols4Debug|Any CPU
		{AEDC4F41-75C0-4EB3-9B2D-D87CA05E26C5}.hbue__deptS_ccpOrg___release|Mixed Platforms.ActiveCfg = Symbols4Debug|Any CPU
		{AEDC4F41-75C0-4EB3-9B2D-D87CA05E26C5}.hbue__deptS_ccpOrg___release|Mixed Platforms.Build.0 = Symbols4Debug|Any CPU
		{AEDC4F41-75C0-4EB3-9B2D-D87CA05E26C5}.hbue__deptS_ccpOrg___release|x86.ActiveCfg = Symbols4Debug|Any CPU
		{AEDC4F41-75C0-4EB3-9B2D-D87CA05E26C5}.hbue__deptS_ccpOrg___release|x86.Build.0 = Symbols4Debug|Any CPU
		{AEDC4F41-75C0-4EB3-9B2D-D87CA05E26C5}.hbue__deptS_ccpOrg|Any CPU.ActiveCfg = Symbols4Debug|Any CPU
		{AEDC4F41-75C0-4EB3-9B2D-D87CA05E26C5}.hbue__deptS_ccpOrg|Any CPU.Build.0 = Symbols4Debug|Any CPU
		{AEDC4F41-75C0-4EB3-9B2D-D87CA05E26C5}.hbue__deptS_ccpOrg|Mixed Platforms.ActiveCfg = Symbols4Debug|Any CPU
		{AEDC4F41-75C0-4EB3-9B2D-D87CA05E26C5}.hbue__deptS_ccpOrg|Mixed Platforms.Build.0 = Symbols4Debug|Any CPU
		{AEDC4F41-75C0-4EB3-9B2D-D87CA05E26C5}.hbue__deptS_ccpOrg|x86.ActiveCfg = Symbols4Debug|Any CPU
		{AEDC4F41-75C0-4EB3-9B2D-D87CA05E26C5}.hbue__deptS_ccpOrg|x86.Build.0 = Symbols4Debug|Any CPU
		{AEDC4F41-75C0-4EB3-9B2D-D87CA05E26C5}.Hbue40|Any CPU.ActiveCfg = Symbols4Debug|Any CPU
		{AEDC4F41-75C0-4EB3-9B2D-D87CA05E26C5}.Hbue40|Any CPU.Build.0 = Symbols4Debug|Any CPU
		{AEDC4F41-75C0-4EB3-9B2D-D87CA05E26C5}.Hbue40|Mixed Platforms.ActiveCfg = Symbols4Debug|Any CPU
		{AEDC4F41-75C0-4EB3-9B2D-D87CA05E26C5}.Hbue40|Mixed Platforms.Build.0 = Symbols4Debug|Any CPU
		{AEDC4F41-75C0-4EB3-9B2D-D87CA05E26C5}.Hbue40|x86.ActiveCfg = Symbols4Debug|Any CPU
		{AEDC4F41-75C0-4EB3-9B2D-D87CA05E26C5}.Hbue40|x86.Build.0 = Symbols4Debug|Any CPU
		{AEDC4F41-75C0-4EB3-9B2D-D87CA05E26C5}.Nuget|Any CPU.ActiveCfg = Nuget|Any CPU
		{AEDC4F41-75C0-4EB3-9B2D-D87CA05E26C5}.Nuget|Any CPU.Build.0 = Nuget|Any CPU
		{AEDC4F41-75C0-4EB3-9B2D-D87CA05E26C5}.Nuget|Mixed Platforms.ActiveCfg = Nuget|Any CPU
		{AEDC4F41-75C0-4EB3-9B2D-D87CA05E26C5}.Nuget|Mixed Platforms.Build.0 = Nuget|Any CPU
		{AEDC4F41-75C0-4EB3-9B2D-D87CA05E26C5}.Nuget|x86.ActiveCfg = Nuget|Any CPU
		{AEDC4F41-75C0-4EB3-9B2D-D87CA05E26C5}.Nuget|x86.Build.0 = Nuget|Any CPU
		{AEDC4F41-75C0-4EB3-9B2D-D87CA05E26C5}.PreferChinese|Any CPU.ActiveCfg = Symbols4Debug|Any CPU
		{AEDC4F41-75C0-4EB3-9B2D-D87CA05E26C5}.PreferChinese|Any CPU.Build.0 = Symbols4Debug|Any CPU
		{AEDC4F41-75C0-4EB3-9B2D-D87CA05E26C5}.PreferChinese|Mixed Platforms.ActiveCfg = Symbols4Debug|Any CPU
		{AEDC4F41-75C0-4EB3-9B2D-D87CA05E26C5}.PreferChinese|Mixed Platforms.Build.0 = Symbols4Debug|Any CPU
		{AEDC4F41-75C0-4EB3-9B2D-D87CA05E26C5}.PreferChinese|x86.ActiveCfg = Symbols4Debug|Any CPU
		{AEDC4F41-75C0-4EB3-9B2D-D87CA05E26C5}.PreferChinese|x86.Build.0 = Symbols4Debug|Any CPU
		{AEDC4F41-75C0-4EB3-9B2D-D87CA05E26C5}.Release_PreferChinese|Any CPU.ActiveCfg = Release|Any CPU
		{AEDC4F41-75C0-4EB3-9B2D-D87CA05E26C5}.Release_PreferChinese|Any CPU.Build.0 = Release|Any CPU
		{AEDC4F41-75C0-4EB3-9B2D-D87CA05E26C5}.Release_PreferChinese|Mixed Platforms.ActiveCfg = Release|Any CPU
		{AEDC4F41-75C0-4EB3-9B2D-D87CA05E26C5}.Release_PreferChinese|Mixed Platforms.Build.0 = Release|Any CPU
		{AEDC4F41-75C0-4EB3-9B2D-D87CA05E26C5}.Release_PreferChinese|x86.ActiveCfg = Release|Any CPU
		{AEDC4F41-75C0-4EB3-9B2D-D87CA05E26C5}.Release_PreferChinese|x86.Build.0 = Release|Any CPU
		{AEDC4F41-75C0-4EB3-9B2D-D87CA05E26C5}.Release|Any CPU.ActiveCfg = Release|Any CPU
		{AEDC4F41-75C0-4EB3-9B2D-D87CA05E26C5}.Release|Any CPU.Build.0 = Release|Any CPU
		{AEDC4F41-75C0-4EB3-9B2D-D87CA05E26C5}.Release|Mixed Platforms.ActiveCfg = Release|Any CPU
		{AEDC4F41-75C0-4EB3-9B2D-D87CA05E26C5}.Release|Mixed Platforms.Build.0 = Release|Any CPU
		{AEDC4F41-75C0-4EB3-9B2D-D87CA05E26C5}.Release|x86.ActiveCfg = Release|Any CPU
		{AEDC4F41-75C0-4EB3-9B2D-D87CA05E26C5}.Release|x86.Build.0 = Release|Any CPU
		{AEDC4F41-75C0-4EB3-9B2D-D87CA05E26C5}.Sym2nuget|Any CPU.ActiveCfg = Sym2nuget|Any CPU
		{AEDC4F41-75C0-4EB3-9B2D-D87CA05E26C5}.Sym2nuget|Any CPU.Build.0 = Sym2nuget|Any CPU
		{AEDC4F41-75C0-4EB3-9B2D-D87CA05E26C5}.Sym2nuget|Mixed Platforms.ActiveCfg = Sym2nuget|Any CPU
		{AEDC4F41-75C0-4EB3-9B2D-D87CA05E26C5}.Sym2nuget|Mixed Platforms.Build.0 = Sym2nuget|Any CPU
		{AEDC4F41-75C0-4EB3-9B2D-D87CA05E26C5}.Sym2nuget|x86.ActiveCfg = Sym2nuget|Any CPU
		{AEDC4F41-75C0-4EB3-9B2D-D87CA05E26C5}.Sym2nuget|x86.Build.0 = Sym2nuget|Any CPU
		{AEDC4F41-75C0-4EB3-9B2D-D87CA05E26C5}.Symbol|Any CPU.ActiveCfg = Symbol|Any CPU
		{AEDC4F41-75C0-4EB3-9B2D-D87CA05E26C5}.Symbol|Any CPU.Build.0 = Symbol|Any CPU
		{AEDC4F41-75C0-4EB3-9B2D-D87CA05E26C5}.Symbol|Mixed Platforms.ActiveCfg = Symbol|Any CPU
		{AEDC4F41-75C0-4EB3-9B2D-D87CA05E26C5}.Symbol|Mixed Platforms.Build.0 = Symbol|Any CPU
		{AEDC4F41-75C0-4EB3-9B2D-D87CA05E26C5}.Symbol|x86.ActiveCfg = Symbol|Any CPU
		{AEDC4F41-75C0-4EB3-9B2D-D87CA05E26C5}.Symbol|x86.Build.0 = Symbol|Any CPU
		{AEDC4F41-75C0-4EB3-9B2D-D87CA05E26C5}.Symbols4Debug|Any CPU.ActiveCfg = Symbols4Debug|Any CPU
		{AEDC4F41-75C0-4EB3-9B2D-D87CA05E26C5}.Symbols4Debug|Any CPU.Build.0 = Symbols4Debug|Any CPU
		{AEDC4F41-75C0-4EB3-9B2D-D87CA05E26C5}.Symbols4Debug|Mixed Platforms.ActiveCfg = Symbols4Debug|Any CPU
		{AEDC4F41-75C0-4EB3-9B2D-D87CA05E26C5}.Symbols4Debug|Mixed Platforms.Build.0 = Symbols4Debug|Any CPU
		{AEDC4F41-75C0-4EB3-9B2D-D87CA05E26C5}.Symbols4Debug|x86.ActiveCfg = Symbols4Debug|Any CPU
		{AEDC4F41-75C0-4EB3-9B2D-D87CA05E26C5}.Symbols4Debug|x86.Build.0 = Symbols4Debug|Any CPU
		{AEDC4F41-75C0-4EB3-9B2D-D87CA05E26C5}.test_release|Any CPU.ActiveCfg = Symbols4Debug|Any CPU
		{AEDC4F41-75C0-4EB3-9B2D-D87CA05E26C5}.test_release|Any CPU.Build.0 = Symbols4Debug|Any CPU
		{AEDC4F41-75C0-4EB3-9B2D-D87CA05E26C5}.test_release|Mixed Platforms.ActiveCfg = Symbols4Debug|Any CPU
		{AEDC4F41-75C0-4EB3-9B2D-D87CA05E26C5}.test_release|Mixed Platforms.Build.0 = Symbols4Debug|Any CPU
		{AEDC4F41-75C0-4EB3-9B2D-D87CA05E26C5}.test_release|x86.ActiveCfg = Symbols4Debug|Any CPU
		{AEDC4F41-75C0-4EB3-9B2D-D87CA05E26C5}.test_release|x86.Build.0 = Symbols4Debug|Any CPU
		{AEDC4F41-75C0-4EB3-9B2D-D87CA05E26C5}.Trial|Any CPU.ActiveCfg = Trial|Any CPU
		{AEDC4F41-75C0-4EB3-9B2D-D87CA05E26C5}.Trial|Any CPU.Build.0 = Trial|Any CPU
		{AEDC4F41-75C0-4EB3-9B2D-D87CA05E26C5}.Trial|Mixed Platforms.ActiveCfg = Trial|Any CPU
		{AEDC4F41-75C0-4EB3-9B2D-D87CA05E26C5}.Trial|Mixed Platforms.Build.0 = Trial|Any CPU
		{AEDC4F41-75C0-4EB3-9B2D-D87CA05E26C5}.Trial|x86.ActiveCfg = Trial|Any CPU
		{AEDC4F41-75C0-4EB3-9B2D-D87CA05E26C5}.Trial|x86.Build.0 = Trial|Any CPU
		{19DDFB9E-0C2F-4CEA-9C4E-308B0A8399B1}._Temp|Any CPU.ActiveCfg = Debug|Any CPU
		{19DDFB9E-0C2F-4CEA-9C4E-308B0A8399B1}._Temp|Any CPU.Build.0 = Debug|Any CPU
		{19DDFB9E-0C2F-4CEA-9C4E-308B0A8399B1}._Temp|Mixed Platforms.ActiveCfg = Debug|Any CPU
		{19DDFB9E-0C2F-4CEA-9C4E-308B0A8399B1}._Temp|Mixed Platforms.Build.0 = Debug|Any CPU
		{19DDFB9E-0C2F-4CEA-9C4E-308B0A8399B1}._Temp|x86.ActiveCfg = Debug|Any CPU
		{19DDFB9E-0C2F-4CEA-9C4E-308B0A8399B1}._Temp|x86.Build.0 = Debug|Any CPU
		{19DDFB9E-0C2F-4CEA-9C4E-308B0A8399B1}.Debug|Any CPU.ActiveCfg = Debug|Any CPU
		{19DDFB9E-0C2F-4CEA-9C4E-308B0A8399B1}.Debug|Any CPU.Build.0 = Debug|Any CPU
		{19DDFB9E-0C2F-4CEA-9C4E-308B0A8399B1}.Debug|Mixed Platforms.ActiveCfg = Debug|Any CPU
		{19DDFB9E-0C2F-4CEA-9C4E-308B0A8399B1}.Debug|Mixed Platforms.Build.0 = Debug|Any CPU
		{19DDFB9E-0C2F-4CEA-9C4E-308B0A8399B1}.Debug|x86.ActiveCfg = Debug|Any CPU
		{19DDFB9E-0C2F-4CEA-9C4E-308B0A8399B1}.Debug|x86.Build.0 = Debug|Any CPU
		{19DDFB9E-0C2F-4CEA-9C4E-308B0A8399B1}.debug2pub|Any CPU.ActiveCfg = Debug|Any CPU
		{19DDFB9E-0C2F-4CEA-9C4E-308B0A8399B1}.debug2pub|Any CPU.Build.0 = Debug|Any CPU
		{19DDFB9E-0C2F-4CEA-9C4E-308B0A8399B1}.debug2pub|Mixed Platforms.ActiveCfg = Debug|Any CPU
		{19DDFB9E-0C2F-4CEA-9C4E-308B0A8399B1}.debug2pub|Mixed Platforms.Build.0 = Debug|Any CPU
		{19DDFB9E-0C2F-4CEA-9C4E-308B0A8399B1}.debug2pub|x86.ActiveCfg = Debug|Any CPU
		{19DDFB9E-0C2F-4CEA-9C4E-308B0A8399B1}.debug2pub|x86.Build.0 = Debug|Any CPU
		{19DDFB9E-0C2F-4CEA-9C4E-308B0A8399B1}.Dev2nuget|Any CPU.ActiveCfg = Dev2nuget|Any CPU
		{19DDFB9E-0C2F-4CEA-9C4E-308B0A8399B1}.Dev2nuget|Any CPU.Build.0 = Dev2nuget|Any CPU
		{19DDFB9E-0C2F-4CEA-9C4E-308B0A8399B1}.Dev2nuget|Mixed Platforms.ActiveCfg = Dev2nuget|Any CPU
		{19DDFB9E-0C2F-4CEA-9C4E-308B0A8399B1}.Dev2nuget|Mixed Platforms.Build.0 = Dev2nuget|Any CPU
		{19DDFB9E-0C2F-4CEA-9C4E-308B0A8399B1}.Dev2nuget|x86.ActiveCfg = Dev2nuget|Any CPU
		{19DDFB9E-0C2F-4CEA-9C4E-308B0A8399B1}.Dev2nuget|x86.Build.0 = Dev2nuget|Any CPU
		{19DDFB9E-0C2F-4CEA-9C4E-308B0A8399B1}.hbue__deptS_ccpOrg___release|Any CPU.ActiveCfg = Debug|Any CPU
		{19DDFB9E-0C2F-4CEA-9C4E-308B0A8399B1}.hbue__deptS_ccpOrg___release|Any CPU.Build.0 = Debug|Any CPU
		{19DDFB9E-0C2F-4CEA-9C4E-308B0A8399B1}.hbue__deptS_ccpOrg___release|Mixed Platforms.ActiveCfg = Debug|Any CPU
		{19DDFB9E-0C2F-4CEA-9C4E-308B0A8399B1}.hbue__deptS_ccpOrg___release|Mixed Platforms.Build.0 = Debug|Any CPU
		{19DDFB9E-0C2F-4CEA-9C4E-308B0A8399B1}.hbue__deptS_ccpOrg___release|x86.ActiveCfg = Debug|Any CPU
		{19DDFB9E-0C2F-4CEA-9C4E-308B0A8399B1}.hbue__deptS_ccpOrg___release|x86.Build.0 = Debug|Any CPU
		{19DDFB9E-0C2F-4CEA-9C4E-308B0A8399B1}.hbue__deptS_ccpOrg|Any CPU.ActiveCfg = Debug|Any CPU
		{19DDFB9E-0C2F-4CEA-9C4E-308B0A8399B1}.hbue__deptS_ccpOrg|Any CPU.Build.0 = Debug|Any CPU
		{19DDFB9E-0C2F-4CEA-9C4E-308B0A8399B1}.hbue__deptS_ccpOrg|Mixed Platforms.ActiveCfg = Debug|Any CPU
		{19DDFB9E-0C2F-4CEA-9C4E-308B0A8399B1}.hbue__deptS_ccpOrg|Mixed Platforms.Build.0 = Debug|Any CPU
		{19DDFB9E-0C2F-4CEA-9C4E-308B0A8399B1}.hbue__deptS_ccpOrg|x86.ActiveCfg = Debug|Any CPU
		{19DDFB9E-0C2F-4CEA-9C4E-308B0A8399B1}.hbue__deptS_ccpOrg|x86.Build.0 = Debug|Any CPU
		{19DDFB9E-0C2F-4CEA-9C4E-308B0A8399B1}.Hbue40|Any CPU.ActiveCfg = Debug|Any CPU
		{19DDFB9E-0C2F-4CEA-9C4E-308B0A8399B1}.Hbue40|Any CPU.Build.0 = Debug|Any CPU
		{19DDFB9E-0C2F-4CEA-9C4E-308B0A8399B1}.Hbue40|Mixed Platforms.ActiveCfg = Debug|Any CPU
		{19DDFB9E-0C2F-4CEA-9C4E-308B0A8399B1}.Hbue40|Mixed Platforms.Build.0 = Debug|Any CPU
		{19DDFB9E-0C2F-4CEA-9C4E-308B0A8399B1}.Hbue40|x86.ActiveCfg = Debug|Any CPU
		{19DDFB9E-0C2F-4CEA-9C4E-308B0A8399B1}.Hbue40|x86.Build.0 = Debug|Any CPU
		{19DDFB9E-0C2F-4CEA-9C4E-308B0A8399B1}.Nuget|Any CPU.ActiveCfg = Nuget|Any CPU
		{19DDFB9E-0C2F-4CEA-9C4E-308B0A8399B1}.Nuget|Any CPU.Build.0 = Nuget|Any CPU
		{19DDFB9E-0C2F-4CEA-9C4E-308B0A8399B1}.Nuget|Mixed Platforms.ActiveCfg = Nuget|Any CPU
		{19DDFB9E-0C2F-4CEA-9C4E-308B0A8399B1}.Nuget|Mixed Platforms.Build.0 = Nuget|Any CPU
		{19DDFB9E-0C2F-4CEA-9C4E-308B0A8399B1}.Nuget|x86.ActiveCfg = Nuget|Any CPU
		{19DDFB9E-0C2F-4CEA-9C4E-308B0A8399B1}.Nuget|x86.Build.0 = Nuget|Any CPU
		{19DDFB9E-0C2F-4CEA-9C4E-308B0A8399B1}.PreferChinese|Any CPU.ActiveCfg = Debug|Any CPU
		{19DDFB9E-0C2F-4CEA-9C4E-308B0A8399B1}.PreferChinese|Any CPU.Build.0 = Debug|Any CPU
		{19DDFB9E-0C2F-4CEA-9C4E-308B0A8399B1}.PreferChinese|Mixed Platforms.ActiveCfg = Debug|Any CPU
		{19DDFB9E-0C2F-4CEA-9C4E-308B0A8399B1}.PreferChinese|Mixed Platforms.Build.0 = Debug|Any CPU
		{19DDFB9E-0C2F-4CEA-9C4E-308B0A8399B1}.PreferChinese|x86.ActiveCfg = Debug|Any CPU
		{19DDFB9E-0C2F-4CEA-9C4E-308B0A8399B1}.PreferChinese|x86.Build.0 = Debug|Any CPU
		{19DDFB9E-0C2F-4CEA-9C4E-308B0A8399B1}.Release_PreferChinese|Any CPU.ActiveCfg = Release|Any CPU
		{19DDFB9E-0C2F-4CEA-9C4E-308B0A8399B1}.Release_PreferChinese|Any CPU.Build.0 = Release|Any CPU
		{19DDFB9E-0C2F-4CEA-9C4E-308B0A8399B1}.Release_PreferChinese|Mixed Platforms.ActiveCfg = Release|Any CPU
		{19DDFB9E-0C2F-4CEA-9C4E-308B0A8399B1}.Release_PreferChinese|Mixed Platforms.Build.0 = Release|Any CPU
		{19DDFB9E-0C2F-4CEA-9C4E-308B0A8399B1}.Release_PreferChinese|x86.ActiveCfg = Release|Any CPU
		{19DDFB9E-0C2F-4CEA-9C4E-308B0A8399B1}.Release_PreferChinese|x86.Build.0 = Release|Any CPU
		{19DDFB9E-0C2F-4CEA-9C4E-308B0A8399B1}.Release|Any CPU.ActiveCfg = Release|Any CPU
		{19DDFB9E-0C2F-4CEA-9C4E-308B0A8399B1}.Release|Any CPU.Build.0 = Release|Any CPU
		{19DDFB9E-0C2F-4CEA-9C4E-308B0A8399B1}.Release|Mixed Platforms.ActiveCfg = Release|Any CPU
		{19DDFB9E-0C2F-4CEA-9C4E-308B0A8399B1}.Release|Mixed Platforms.Build.0 = Release|Any CPU
		{19DDFB9E-0C2F-4CEA-9C4E-308B0A8399B1}.Release|x86.ActiveCfg = Release|Any CPU
		{19DDFB9E-0C2F-4CEA-9C4E-308B0A8399B1}.Release|x86.Build.0 = Release|Any CPU
		{19DDFB9E-0C2F-4CEA-9C4E-308B0A8399B1}.Sym2nuget|Any CPU.ActiveCfg = Sym2nuget|Any CPU
		{19DDFB9E-0C2F-4CEA-9C4E-308B0A8399B1}.Sym2nuget|Any CPU.Build.0 = Sym2nuget|Any CPU
		{19DDFB9E-0C2F-4CEA-9C4E-308B0A8399B1}.Sym2nuget|Mixed Platforms.ActiveCfg = Sym2nuget|Any CPU
		{19DDFB9E-0C2F-4CEA-9C4E-308B0A8399B1}.Sym2nuget|Mixed Platforms.Build.0 = Sym2nuget|Any CPU
		{19DDFB9E-0C2F-4CEA-9C4E-308B0A8399B1}.Sym2nuget|x86.ActiveCfg = Sym2nuget|Any CPU
		{19DDFB9E-0C2F-4CEA-9C4E-308B0A8399B1}.Sym2nuget|x86.Build.0 = Sym2nuget|Any CPU
		{19DDFB9E-0C2F-4CEA-9C4E-308B0A8399B1}.Symbol|Any CPU.ActiveCfg = Symbol|Any CPU
		{19DDFB9E-0C2F-4CEA-9C4E-308B0A8399B1}.Symbol|Any CPU.Build.0 = Symbol|Any CPU
		{19DDFB9E-0C2F-4CEA-9C4E-308B0A8399B1}.Symbol|Mixed Platforms.ActiveCfg = Debug|Any CPU
		{19DDFB9E-0C2F-4CEA-9C4E-308B0A8399B1}.Symbol|Mixed Platforms.Build.0 = Debug|Any CPU
		{19DDFB9E-0C2F-4CEA-9C4E-308B0A8399B1}.Symbol|x86.ActiveCfg = Debug|Any CPU
		{19DDFB9E-0C2F-4CEA-9C4E-308B0A8399B1}.Symbol|x86.Build.0 = Debug|Any CPU
		{19DDFB9E-0C2F-4CEA-9C4E-308B0A8399B1}.Symbols4Debug|Any CPU.ActiveCfg = Debug|Any CPU
		{19DDFB9E-0C2F-4CEA-9C4E-308B0A8399B1}.Symbols4Debug|Any CPU.Build.0 = Debug|Any CPU
		{19DDFB9E-0C2F-4CEA-9C4E-308B0A8399B1}.Symbols4Debug|Mixed Platforms.ActiveCfg = Debug|Any CPU
		{19DDFB9E-0C2F-4CEA-9C4E-308B0A8399B1}.Symbols4Debug|Mixed Platforms.Build.0 = Debug|Any CPU
		{19DDFB9E-0C2F-4CEA-9C4E-308B0A8399B1}.Symbols4Debug|x86.ActiveCfg = Debug|Any CPU
		{19DDFB9E-0C2F-4CEA-9C4E-308B0A8399B1}.Symbols4Debug|x86.Build.0 = Debug|Any CPU
		{19DDFB9E-0C2F-4CEA-9C4E-308B0A8399B1}.test_release|Any CPU.ActiveCfg = Debug|Any CPU
		{19DDFB9E-0C2F-4CEA-9C4E-308B0A8399B1}.test_release|Any CPU.Build.0 = Debug|Any CPU
		{19DDFB9E-0C2F-4CEA-9C4E-308B0A8399B1}.test_release|Mixed Platforms.ActiveCfg = Debug|Any CPU
		{19DDFB9E-0C2F-4CEA-9C4E-308B0A8399B1}.test_release|Mixed Platforms.Build.0 = Debug|Any CPU
		{19DDFB9E-0C2F-4CEA-9C4E-308B0A8399B1}.test_release|x86.ActiveCfg = Debug|Any CPU
		{19DDFB9E-0C2F-4CEA-9C4E-308B0A8399B1}.test_release|x86.Build.0 = Debug|Any CPU
		{19DDFB9E-0C2F-4CEA-9C4E-308B0A8399B1}.Trial|Any CPU.ActiveCfg = Trial|Any CPU
		{19DDFB9E-0C2F-4CEA-9C4E-308B0A8399B1}.Trial|Any CPU.Build.0 = Trial|Any CPU
		{19DDFB9E-0C2F-4CEA-9C4E-308B0A8399B1}.Trial|Mixed Platforms.ActiveCfg = Trial|Any CPU
		{19DDFB9E-0C2F-4CEA-9C4E-308B0A8399B1}.Trial|Mixed Platforms.Build.0 = Trial|Any CPU
		{19DDFB9E-0C2F-4CEA-9C4E-308B0A8399B1}.Trial|x86.ActiveCfg = Trial|Any CPU
		{19DDFB9E-0C2F-4CEA-9C4E-308B0A8399B1}.Trial|x86.Build.0 = Trial|Any CPU
		{3E261E42-FFA4-497F-AF1A-B19DD3548D18}._Temp|Any CPU.ActiveCfg = Debug|Any CPU
		{3E261E42-FFA4-497F-AF1A-B19DD3548D18}._Temp|Any CPU.Build.0 = Debug|Any CPU
		{3E261E42-FFA4-497F-AF1A-B19DD3548D18}._Temp|Mixed Platforms.ActiveCfg = Debug|Any CPU
		{3E261E42-FFA4-497F-AF1A-B19DD3548D18}._Temp|Mixed Platforms.Build.0 = Debug|Any CPU
		{3E261E42-FFA4-497F-AF1A-B19DD3548D18}._Temp|x86.ActiveCfg = Debug|Any CPU
		{3E261E42-FFA4-497F-AF1A-B19DD3548D18}._Temp|x86.Build.0 = Debug|Any CPU
		{3E261E42-FFA4-497F-AF1A-B19DD3548D18}.Debug|Any CPU.ActiveCfg = Debug|Any CPU
		{3E261E42-FFA4-497F-AF1A-B19DD3548D18}.Debug|Any CPU.Build.0 = Debug|Any CPU
		{3E261E42-FFA4-497F-AF1A-B19DD3548D18}.Debug|Mixed Platforms.ActiveCfg = Debug|Any CPU
		{3E261E42-FFA4-497F-AF1A-B19DD3548D18}.Debug|Mixed Platforms.Build.0 = Debug|Any CPU
		{3E261E42-FFA4-497F-AF1A-B19DD3548D18}.Debug|x86.ActiveCfg = Debug|Any CPU
		{3E261E42-FFA4-497F-AF1A-B19DD3548D18}.Debug|x86.Build.0 = Debug|Any CPU
		{3E261E42-FFA4-497F-AF1A-B19DD3548D18}.debug2pub|Any CPU.ActiveCfg = Debug|Any CPU
		{3E261E42-FFA4-497F-AF1A-B19DD3548D18}.debug2pub|Any CPU.Build.0 = Debug|Any CPU
		{3E261E42-FFA4-497F-AF1A-B19DD3548D18}.debug2pub|Mixed Platforms.ActiveCfg = Debug|Any CPU
		{3E261E42-FFA4-497F-AF1A-B19DD3548D18}.debug2pub|Mixed Platforms.Build.0 = Debug|Any CPU
		{3E261E42-FFA4-497F-AF1A-B19DD3548D18}.debug2pub|x86.ActiveCfg = Debug|Any CPU
		{3E261E42-FFA4-497F-AF1A-B19DD3548D18}.debug2pub|x86.Build.0 = Debug|Any CPU
		{3E261E42-FFA4-497F-AF1A-B19DD3548D18}.Dev2nuget|Any CPU.ActiveCfg = Debug|Any CPU
		{3E261E42-FFA4-497F-AF1A-B19DD3548D18}.Dev2nuget|Mixed Platforms.ActiveCfg = Debug|Any CPU
		{3E261E42-FFA4-497F-AF1A-B19DD3548D18}.Dev2nuget|x86.ActiveCfg = Debug|Any CPU
		{3E261E42-FFA4-497F-AF1A-B19DD3548D18}.hbue__deptS_ccpOrg___release|Any CPU.ActiveCfg = Debug|Any CPU
		{3E261E42-FFA4-497F-AF1A-B19DD3548D18}.hbue__deptS_ccpOrg___release|Any CPU.Build.0 = Debug|Any CPU
		{3E261E42-FFA4-497F-AF1A-B19DD3548D18}.hbue__deptS_ccpOrg___release|Mixed Platforms.ActiveCfg = Debug|Any CPU
		{3E261E42-FFA4-497F-AF1A-B19DD3548D18}.hbue__deptS_ccpOrg___release|Mixed Platforms.Build.0 = Debug|Any CPU
		{3E261E42-FFA4-497F-AF1A-B19DD3548D18}.hbue__deptS_ccpOrg___release|x86.ActiveCfg = Debug|Any CPU
		{3E261E42-FFA4-497F-AF1A-B19DD3548D18}.hbue__deptS_ccpOrg___release|x86.Build.0 = Debug|Any CPU
		{3E261E42-FFA4-497F-AF1A-B19DD3548D18}.hbue__deptS_ccpOrg|Any CPU.ActiveCfg = Debug|Any CPU
		{3E261E42-FFA4-497F-AF1A-B19DD3548D18}.hbue__deptS_ccpOrg|Any CPU.Build.0 = Debug|Any CPU
		{3E261E42-FFA4-497F-AF1A-B19DD3548D18}.hbue__deptS_ccpOrg|Mixed Platforms.ActiveCfg = Debug|Any CPU
		{3E261E42-FFA4-497F-AF1A-B19DD3548D18}.hbue__deptS_ccpOrg|Mixed Platforms.Build.0 = Debug|Any CPU
		{3E261E42-FFA4-497F-AF1A-B19DD3548D18}.hbue__deptS_ccpOrg|x86.ActiveCfg = Debug|Any CPU
		{3E261E42-FFA4-497F-AF1A-B19DD3548D18}.hbue__deptS_ccpOrg|x86.Build.0 = Debug|Any CPU
		{3E261E42-FFA4-497F-AF1A-B19DD3548D18}.Hbue40|Any CPU.ActiveCfg = Debug|Any CPU
		{3E261E42-FFA4-497F-AF1A-B19DD3548D18}.Hbue40|Any CPU.Build.0 = Debug|Any CPU
		{3E261E42-FFA4-497F-AF1A-B19DD3548D18}.Hbue40|Mixed Platforms.ActiveCfg = Debug|Any CPU
		{3E261E42-FFA4-497F-AF1A-B19DD3548D18}.Hbue40|Mixed Platforms.Build.0 = Debug|Any CPU
		{3E261E42-FFA4-497F-AF1A-B19DD3548D18}.Hbue40|x86.ActiveCfg = Debug|Any CPU
		{3E261E42-FFA4-497F-AF1A-B19DD3548D18}.Hbue40|x86.Build.0 = Debug|Any CPU
		{3E261E42-FFA4-497F-AF1A-B19DD3548D18}.Nuget|Any CPU.ActiveCfg = Nuget|Any CPU
		{3E261E42-FFA4-497F-AF1A-B19DD3548D18}.Nuget|Any CPU.Build.0 = Nuget|Any CPU
		{3E261E42-FFA4-497F-AF1A-B19DD3548D18}.Nuget|Mixed Platforms.ActiveCfg = Nuget|Any CPU
		{3E261E42-FFA4-497F-AF1A-B19DD3548D18}.Nuget|Mixed Platforms.Build.0 = Nuget|Any CPU
		{3E261E42-FFA4-497F-AF1A-B19DD3548D18}.Nuget|x86.ActiveCfg = Nuget|Any CPU
		{3E261E42-FFA4-497F-AF1A-B19DD3548D18}.Nuget|x86.Build.0 = Nuget|Any CPU
		{3E261E42-FFA4-497F-AF1A-B19DD3548D18}.PreferChinese|Any CPU.ActiveCfg = Debug|Any CPU
		{3E261E42-FFA4-497F-AF1A-B19DD3548D18}.PreferChinese|Any CPU.Build.0 = Debug|Any CPU
		{3E261E42-FFA4-497F-AF1A-B19DD3548D18}.PreferChinese|Mixed Platforms.ActiveCfg = Debug|Any CPU
		{3E261E42-FFA4-497F-AF1A-B19DD3548D18}.PreferChinese|Mixed Platforms.Build.0 = Debug|Any CPU
		{3E261E42-FFA4-497F-AF1A-B19DD3548D18}.PreferChinese|x86.ActiveCfg = Debug|Any CPU
		{3E261E42-FFA4-497F-AF1A-B19DD3548D18}.PreferChinese|x86.Build.0 = Debug|Any CPU
		{3E261E42-FFA4-497F-AF1A-B19DD3548D18}.Release_PreferChinese|Any CPU.ActiveCfg = Release|Any CPU
		{3E261E42-FFA4-497F-AF1A-B19DD3548D18}.Release_PreferChinese|Any CPU.Build.0 = Release|Any CPU
		{3E261E42-FFA4-497F-AF1A-B19DD3548D18}.Release_PreferChinese|Mixed Platforms.ActiveCfg = Release|Any CPU
		{3E261E42-FFA4-497F-AF1A-B19DD3548D18}.Release_PreferChinese|Mixed Platforms.Build.0 = Release|Any CPU
		{3E261E42-FFA4-497F-AF1A-B19DD3548D18}.Release_PreferChinese|x86.ActiveCfg = Release|Any CPU
		{3E261E42-FFA4-497F-AF1A-B19DD3548D18}.Release_PreferChinese|x86.Build.0 = Release|Any CPU
		{3E261E42-FFA4-497F-AF1A-B19DD3548D18}.Release|Any CPU.ActiveCfg = Release|Any CPU
		{3E261E42-FFA4-497F-AF1A-B19DD3548D18}.Release|Any CPU.Build.0 = Release|Any CPU
		{3E261E42-FFA4-497F-AF1A-B19DD3548D18}.Release|Mixed Platforms.ActiveCfg = Release|Any CPU
		{3E261E42-FFA4-497F-AF1A-B19DD3548D18}.Release|Mixed Platforms.Build.0 = Release|Any CPU
		{3E261E42-FFA4-497F-AF1A-B19DD3548D18}.Release|x86.ActiveCfg = Release|Any CPU
		{3E261E42-FFA4-497F-AF1A-B19DD3548D18}.Release|x86.Build.0 = Release|Any CPU
		{3E261E42-FFA4-497F-AF1A-B19DD3548D18}.Sym2nuget|Any CPU.ActiveCfg = Symbols4Debug|Any CPU
		{3E261E42-FFA4-497F-AF1A-B19DD3548D18}.Sym2nuget|Mixed Platforms.ActiveCfg = Symbols4Debug|Any CPU
		{3E261E42-FFA4-497F-AF1A-B19DD3548D18}.Sym2nuget|x86.ActiveCfg = Symbols4Debug|Any CPU
		{3E261E42-FFA4-497F-AF1A-B19DD3548D18}.Symbol|Any CPU.ActiveCfg = Symbol|Any CPU
		{3E261E42-FFA4-497F-AF1A-B19DD3548D18}.Symbol|Any CPU.Build.0 = Symbol|Any CPU
		{3E261E42-FFA4-497F-AF1A-B19DD3548D18}.Symbol|Mixed Platforms.ActiveCfg = Symbol|Any CPU
		{3E261E42-FFA4-497F-AF1A-B19DD3548D18}.Symbol|Mixed Platforms.Build.0 = Symbol|Any CPU
		{3E261E42-FFA4-497F-AF1A-B19DD3548D18}.Symbol|x86.ActiveCfg = Symbol|Any CPU
		{3E261E42-FFA4-497F-AF1A-B19DD3548D18}.Symbol|x86.Build.0 = Symbol|Any CPU
		{3E261E42-FFA4-497F-AF1A-B19DD3548D18}.Symbols4Debug|Any CPU.ActiveCfg = Symbols4Debug|Any CPU
		{3E261E42-FFA4-497F-AF1A-B19DD3548D18}.Symbols4Debug|Any CPU.Build.0 = Symbols4Debug|Any CPU
		{3E261E42-FFA4-497F-AF1A-B19DD3548D18}.Symbols4Debug|Mixed Platforms.ActiveCfg = Symbols4Debug|Any CPU
		{3E261E42-FFA4-497F-AF1A-B19DD3548D18}.Symbols4Debug|Mixed Platforms.Build.0 = Symbols4Debug|Any CPU
		{3E261E42-FFA4-497F-AF1A-B19DD3548D18}.Symbols4Debug|x86.ActiveCfg = Symbols4Debug|Any CPU
		{3E261E42-FFA4-497F-AF1A-B19DD3548D18}.Symbols4Debug|x86.Build.0 = Symbols4Debug|Any CPU
		{3E261E42-FFA4-497F-AF1A-B19DD3548D18}.test_release|Any CPU.ActiveCfg = Debug|Any CPU
		{3E261E42-FFA4-497F-AF1A-B19DD3548D18}.test_release|Any CPU.Build.0 = Debug|Any CPU
		{3E261E42-FFA4-497F-AF1A-B19DD3548D18}.test_release|Mixed Platforms.ActiveCfg = Debug|Any CPU
		{3E261E42-FFA4-497F-AF1A-B19DD3548D18}.test_release|Mixed Platforms.Build.0 = Debug|Any CPU
		{3E261E42-FFA4-497F-AF1A-B19DD3548D18}.test_release|x86.ActiveCfg = Debug|Any CPU
		{3E261E42-FFA4-497F-AF1A-B19DD3548D18}.test_release|x86.Build.0 = Debug|Any CPU
		{3E261E42-FFA4-497F-AF1A-B19DD3548D18}.Trial|Any CPU.ActiveCfg = Symbols4Debug|Any CPU
		{3E261E42-FFA4-497F-AF1A-B19DD3548D18}.Trial|Mixed Platforms.ActiveCfg = Symbols4Debug|Any CPU
		{3E261E42-FFA4-497F-AF1A-B19DD3548D18}.Trial|x86.ActiveCfg = Symbols4Debug|Any CPU
		{91901677-194C-419D-8400-7B557DC711A3}._Temp|Any CPU.ActiveCfg = Debug|Any CPU
		{91901677-194C-419D-8400-7B557DC711A3}._Temp|Any CPU.Build.0 = Debug|Any CPU
		{91901677-194C-419D-8400-7B557DC711A3}._Temp|Mixed Platforms.ActiveCfg = Debug|Any CPU
		{91901677-194C-419D-8400-7B557DC711A3}._Temp|Mixed Platforms.Build.0 = Debug|Any CPU
		{91901677-194C-419D-8400-7B557DC711A3}._Temp|x86.ActiveCfg = Debug|Any CPU
		{91901677-194C-419D-8400-7B557DC711A3}._Temp|x86.Build.0 = Debug|Any CPU
		{91901677-194C-419D-8400-7B557DC711A3}.Debug|Any CPU.ActiveCfg = Debug|Any CPU
		{91901677-194C-419D-8400-7B557DC711A3}.Debug|Any CPU.Build.0 = Debug|Any CPU
		{91901677-194C-419D-8400-7B557DC711A3}.Debug|Mixed Platforms.ActiveCfg = Debug|Any CPU
		{91901677-194C-419D-8400-7B557DC711A3}.Debug|Mixed Platforms.Build.0 = Debug|Any CPU
		{91901677-194C-419D-8400-7B557DC711A3}.Debug|x86.ActiveCfg = Debug|Any CPU
		{91901677-194C-419D-8400-7B557DC711A3}.Debug|x86.Build.0 = Debug|Any CPU
		{91901677-194C-419D-8400-7B557DC711A3}.debug2pub|Any CPU.ActiveCfg = Debug|Any CPU
		{91901677-194C-419D-8400-7B557DC711A3}.debug2pub|Any CPU.Build.0 = Debug|Any CPU
		{91901677-194C-419D-8400-7B557DC711A3}.debug2pub|Mixed Platforms.ActiveCfg = Debug|Any CPU
		{91901677-194C-419D-8400-7B557DC711A3}.debug2pub|Mixed Platforms.Build.0 = Debug|Any CPU
		{91901677-194C-419D-8400-7B557DC711A3}.debug2pub|x86.ActiveCfg = Debug|Any CPU
		{91901677-194C-419D-8400-7B557DC711A3}.debug2pub|x86.Build.0 = Debug|Any CPU
		{91901677-194C-419D-8400-7B557DC711A3}.Dev2nuget|Any CPU.ActiveCfg = Debug|Any CPU
		{91901677-194C-419D-8400-7B557DC711A3}.Dev2nuget|Mixed Platforms.ActiveCfg = Debug|Any CPU
		{91901677-194C-419D-8400-7B557DC711A3}.Dev2nuget|x86.ActiveCfg = Debug|Any CPU
		{91901677-194C-419D-8400-7B557DC711A3}.hbue__deptS_ccpOrg___release|Any CPU.ActiveCfg = Debug|Any CPU
		{91901677-194C-419D-8400-7B557DC711A3}.hbue__deptS_ccpOrg___release|Any CPU.Build.0 = Debug|Any CPU
		{91901677-194C-419D-8400-7B557DC711A3}.hbue__deptS_ccpOrg___release|Mixed Platforms.ActiveCfg = Debug|Any CPU
		{91901677-194C-419D-8400-7B557DC711A3}.hbue__deptS_ccpOrg___release|Mixed Platforms.Build.0 = Debug|Any CPU
		{91901677-194C-419D-8400-7B557DC711A3}.hbue__deptS_ccpOrg___release|x86.ActiveCfg = Debug|Any CPU
		{91901677-194C-419D-8400-7B557DC711A3}.hbue__deptS_ccpOrg___release|x86.Build.0 = Debug|Any CPU
		{91901677-194C-419D-8400-7B557DC711A3}.hbue__deptS_ccpOrg|Any CPU.ActiveCfg = Debug|Any CPU
		{91901677-194C-419D-8400-7B557DC711A3}.hbue__deptS_ccpOrg|Any CPU.Build.0 = Debug|Any CPU
		{91901677-194C-419D-8400-7B557DC711A3}.hbue__deptS_ccpOrg|Mixed Platforms.ActiveCfg = Debug|Any CPU
		{91901677-194C-419D-8400-7B557DC711A3}.hbue__deptS_ccpOrg|Mixed Platforms.Build.0 = Debug|Any CPU
		{91901677-194C-419D-8400-7B557DC711A3}.hbue__deptS_ccpOrg|x86.ActiveCfg = Debug|Any CPU
		{91901677-194C-419D-8400-7B557DC711A3}.hbue__deptS_ccpOrg|x86.Build.0 = Debug|Any CPU
		{91901677-194C-419D-8400-7B557DC711A3}.Hbue40|Any CPU.ActiveCfg = Debug|Any CPU
		{91901677-194C-419D-8400-7B557DC711A3}.Hbue40|Any CPU.Build.0 = Debug|Any CPU
		{91901677-194C-419D-8400-7B557DC711A3}.Hbue40|Mixed Platforms.ActiveCfg = Debug|Any CPU
		{91901677-194C-419D-8400-7B557DC711A3}.Hbue40|Mixed Platforms.Build.0 = Debug|Any CPU
		{91901677-194C-419D-8400-7B557DC711A3}.Hbue40|x86.ActiveCfg = Debug|Any CPU
		{91901677-194C-419D-8400-7B557DC711A3}.Hbue40|x86.Build.0 = Debug|Any CPU
		{91901677-194C-419D-8400-7B557DC711A3}.Nuget|Any CPU.ActiveCfg = Symbols4Debug|Any CPU
		{91901677-194C-419D-8400-7B557DC711A3}.Nuget|Mixed Platforms.ActiveCfg = Symbols4Debug|Any CPU
		{91901677-194C-419D-8400-7B557DC711A3}.Nuget|x86.ActiveCfg = Symbols4Debug|Any CPU
		{91901677-194C-419D-8400-7B557DC711A3}.PreferChinese|Any CPU.ActiveCfg = Debug|Any CPU
		{91901677-194C-419D-8400-7B557DC711A3}.PreferChinese|Any CPU.Build.0 = Debug|Any CPU
		{91901677-194C-419D-8400-7B557DC711A3}.PreferChinese|Mixed Platforms.ActiveCfg = Debug|Any CPU
		{91901677-194C-419D-8400-7B557DC711A3}.PreferChinese|Mixed Platforms.Build.0 = Debug|Any CPU
		{91901677-194C-419D-8400-7B557DC711A3}.PreferChinese|x86.ActiveCfg = Debug|Any CPU
		{91901677-194C-419D-8400-7B557DC711A3}.PreferChinese|x86.Build.0 = Debug|Any CPU
		{91901677-194C-419D-8400-7B557DC711A3}.Release_PreferChinese|Any CPU.ActiveCfg = Release|Any CPU
		{91901677-194C-419D-8400-7B557DC711A3}.Release_PreferChinese|Any CPU.Build.0 = Release|Any CPU
		{91901677-194C-419D-8400-7B557DC711A3}.Release_PreferChinese|Mixed Platforms.ActiveCfg = Release|Any CPU
		{91901677-194C-419D-8400-7B557DC711A3}.Release_PreferChinese|Mixed Platforms.Build.0 = Release|Any CPU
		{91901677-194C-419D-8400-7B557DC711A3}.Release_PreferChinese|x86.ActiveCfg = Release|Any CPU
		{91901677-194C-419D-8400-7B557DC711A3}.Release_PreferChinese|x86.Build.0 = Release|Any CPU
		{91901677-194C-419D-8400-7B557DC711A3}.Release|Any CPU.ActiveCfg = Release|Any CPU
		{91901677-194C-419D-8400-7B557DC711A3}.Release|Any CPU.Build.0 = Release|Any CPU
		{91901677-194C-419D-8400-7B557DC711A3}.Release|Mixed Platforms.ActiveCfg = Release|Any CPU
		{91901677-194C-419D-8400-7B557DC711A3}.Release|Mixed Platforms.Build.0 = Release|Any CPU
		{91901677-194C-419D-8400-7B557DC711A3}.Release|x86.ActiveCfg = Release|Any CPU
		{91901677-194C-419D-8400-7B557DC711A3}.Release|x86.Build.0 = Release|Any CPU
		{91901677-194C-419D-8400-7B557DC711A3}.Sym2nuget|Any CPU.ActiveCfg = Sym2nuget|Any CPU
		{91901677-194C-419D-8400-7B557DC711A3}.Sym2nuget|Any CPU.Build.0 = Sym2nuget|Any CPU
		{91901677-194C-419D-8400-7B557DC711A3}.Sym2nuget|Mixed Platforms.ActiveCfg = Sym2nuget|Any CPU
		{91901677-194C-419D-8400-7B557DC711A3}.Sym2nuget|Mixed Platforms.Build.0 = Sym2nuget|Any CPU
		{91901677-194C-419D-8400-7B557DC711A3}.Sym2nuget|x86.ActiveCfg = Sym2nuget|Any CPU
		{91901677-194C-419D-8400-7B557DC711A3}.Sym2nuget|x86.Build.0 = Sym2nuget|Any CPU
		{91901677-194C-419D-8400-7B557DC711A3}.Symbol|Any CPU.ActiveCfg = Symbol|Any CPU
		{91901677-194C-419D-8400-7B557DC711A3}.Symbol|Any CPU.Build.0 = Symbol|Any CPU
		{91901677-194C-419D-8400-7B557DC711A3}.Symbol|Mixed Platforms.ActiveCfg = Symbol|Any CPU
		{91901677-194C-419D-8400-7B557DC711A3}.Symbol|Mixed Platforms.Build.0 = Symbol|Any CPU
		{91901677-194C-419D-8400-7B557DC711A3}.Symbol|x86.ActiveCfg = Symbol|Any CPU
		{91901677-194C-419D-8400-7B557DC711A3}.Symbol|x86.Build.0 = Symbol|Any CPU
		{91901677-194C-419D-8400-7B557DC711A3}.Symbols4Debug|Any CPU.ActiveCfg = Symbols4Debug|Any CPU
		{91901677-194C-419D-8400-7B557DC711A3}.Symbols4Debug|Any CPU.Build.0 = Symbols4Debug|Any CPU
		{91901677-194C-419D-8400-7B557DC711A3}.Symbols4Debug|Mixed Platforms.ActiveCfg = Symbols4Debug|Any CPU
		{91901677-194C-419D-8400-7B557DC711A3}.Symbols4Debug|Mixed Platforms.Build.0 = Symbols4Debug|Any CPU
		{91901677-194C-419D-8400-7B557DC711A3}.Symbols4Debug|x86.ActiveCfg = Symbols4Debug|Any CPU
		{91901677-194C-419D-8400-7B557DC711A3}.Symbols4Debug|x86.Build.0 = Symbols4Debug|Any CPU
		{91901677-194C-419D-8400-7B557DC711A3}.test_release|Any CPU.ActiveCfg = Debug|Any CPU
		{91901677-194C-419D-8400-7B557DC711A3}.test_release|Any CPU.Build.0 = Debug|Any CPU
		{91901677-194C-419D-8400-7B557DC711A3}.test_release|Mixed Platforms.ActiveCfg = Debug|Any CPU
		{91901677-194C-419D-8400-7B557DC711A3}.test_release|Mixed Platforms.Build.0 = Debug|Any CPU
		{91901677-194C-419D-8400-7B557DC711A3}.test_release|x86.ActiveCfg = Debug|Any CPU
		{91901677-194C-419D-8400-7B557DC711A3}.test_release|x86.Build.0 = Debug|Any CPU
		{91901677-194C-419D-8400-7B557DC711A3}.Trial|Any CPU.ActiveCfg = Symbol|Any CPU
		{91901677-194C-419D-8400-7B557DC711A3}.Trial|Mixed Platforms.ActiveCfg = Symbol|Any CPU
		{91901677-194C-419D-8400-7B557DC711A3}.Trial|x86.ActiveCfg = Symbol|Any CPU
	EndGlobalSection
	GlobalSection(SolutionProperties) = preSolution
		HideSolutionNode = FALSE
	EndGlobalSection
	GlobalSection(NestedProjects) = preSolution
		{AEDC4F41-75C0-4EB3-9B2D-D87CA05E26C5} = {AA0081C9-0734-48F8-8A05-35BAD74E41BD}
		{AAEEC96E-0C1F-4D3C-85E7-CE1A589F8DAC} = {8ACCED3A-F4AB-4789-AF9A-5E109A7B2847}
		{19DDFB9E-0C2F-4CEA-9C4E-308B0A8399B1} = {2BB7787E-0021-4C63-B353-CEBC5FD871C7}
		{910366A8-CC55-43D6-BAA9-25B643612140} = {AAEEC96E-0C1F-4D3C-85E7-CE1A589F8DAC}
		{3E261E42-FFA4-497F-AF1A-B19DD3548D18} = {910366A8-CC55-43D6-BAA9-25B643612140}
		{91901677-194C-419D-8400-7B557DC711A3} = {910366A8-CC55-43D6-BAA9-25B643612140}
		{1F47A5A8-5B07-464C-96E8-2E5C6D99735A} = {2CFDFB2B-35A0-4073-A2E6-E62095E43F4F}
		{C6B30397-5B80-4A14-8851-5D2306F9F8A0} = {2BB7787E-0021-4C63-B353-CEBC5FD871C7}
	EndGlobalSection
	GlobalSection(ExtensibilityGlobals) = postSolution
		SolutionGuid = {77A1E275-342C-49D7-80EA-B096A9EC8132}
	EndGlobalSection
	GlobalSection(TestCaseManagementSettings) = postSolution
		CategoryFile = ..\..\nilnul.num.rational\nilnul.num.rational.vsmdi
	EndGlobalSection
	GlobalSection(TestCaseManagementSettings) = postSolution
		CategoryFile = ..\..\nilnul.num.rational\nilnul.num.rational.vsmdi
	EndGlobalSection
	GlobalSection(TestCaseManagementSettings) = postSolution
		CategoryFile = ..\..\nilnul.num.rational\nilnul.num.rational.vsmdi
	EndGlobalSection
	GlobalSection(TestCaseManagementSettings) = postSolution
		CategoryFile = ..\..\nilnul.num.rational\nilnul.num.rational.vsmdi
	EndGlobalSection
	GlobalSection(TestCaseManagementSettings) = postSolution
		CategoryFile = ..\..\nilnul.num.rational\nilnul.num.rational.vsmdi
	EndGlobalSection
	GlobalSection(TestCaseManagementSettings) = postSolution
		CategoryFile = ..\..\nilnul.num.rational\nilnul.num.rational.vsmdi
	EndGlobalSection
	GlobalSection(TestCaseManagementSettings) = postSolution
		CategoryFile = ..\..\nilnul.num.rational\nilnul.num.rational.vsmdi
	EndGlobalSection
	GlobalSection(TestCaseManagementSettings) = postSolution
		CategoryFile = ..\..\nilnul.num.rational\nilnul.num.rational.vsmdi
	EndGlobalSection
	GlobalSection(TestCaseManagementSettings) = postSolution
		CategoryFile = ..\..\nilnul.num.rational\nilnul.num.rational.vsmdi
	EndGlobalSection
	GlobalSection(TestCaseManagementSettings) = postSolution
		CategoryFile = ..\..\nilnul.num.rational\nilnul.num.rational.vsmdi
	EndGlobalSection
	GlobalSection(TestCaseManagementSettings) = postSolution
		CategoryFile = ..\..\nilnul.num.rational\nilnul.num.rational.vsmdi
	EndGlobalSection
	GlobalSection(TestCaseManagementSettings) = postSolution
		CategoryFile = ..\..\nilnul.num.rational\nilnul.num.rational.vsmdi
	EndGlobalSection
	GlobalSection(TestCaseManagementSettings) = postSolution
		CategoryFile = ..\..\nilnul.num.rational\nilnul.num.rational.vsmdi
	EndGlobalSection
	GlobalSection(TestCaseManagementSettings) = postSolution
		CategoryFile = ..\..\nilnul.num.rational\nilnul.num.rational.vsmdi
	EndGlobalSection
	GlobalSection(TestCaseManagementSettings) = postSolution
		CategoryFile = ..\..\nilnul.num.rational\nilnul.num.rational.vsmdi
	EndGlobalSection
	GlobalSection(TestCaseManagementSettings) = postSolution
		CategoryFile = ..\..\nilnul.num.rational\nilnul.num.rational.vsmdi
	EndGlobalSection
	GlobalSection(TestCaseManagementSettings) = postSolution
		CategoryFile = ..\..\nilnul.num.rational\nilnul.num.rational.vsmdi
	EndGlobalSection
	GlobalSection(TestCaseManagementSettings) = postSolution
		CategoryFile = ..\..\nilnul.num.rational\nilnul.num.rational.vsmdi
	EndGlobalSection
	GlobalSection(TestCaseManagementSettings) = postSolution
		CategoryFile = ..\..\nilnul.num.rational\nilnul.num.rational.vsmdi
	EndGlobalSection
	GlobalSection(TestCaseManagementSettings) = postSolution
		CategoryFile = ..\..\nilnul.num.rational\nilnul.num.rational.vsmdi
	EndGlobalSection
	GlobalSection(TestCaseManagementSettings) = postSolution
		CategoryFile = ..\..\nilnul.num.rational\nilnul.num.rational.vsmdi
	EndGlobalSection
	GlobalSection(TestCaseManagementSettings) = postSolution
		CategoryFile = ..\..\nilnul.num.rational\nilnul.num.rational.vsmdi
	EndGlobalSection
	GlobalSection(TestCaseManagementSettings) = postSolution
		CategoryFile = ..\..\nilnul.num.rational\nilnul.num.rational.vsmdi
	EndGlobalSection
	GlobalSection(TestCaseManagementSettings) = postSolution
		CategoryFile = ..\..\nilnul.num.rational\nilnul.num.rational.vsmdi
	EndGlobalSection
	GlobalSection(TestCaseManagementSettings) = postSolution
		CategoryFile = ..\..\nilnul.num.rational\nilnul.num.rational.vsmdi
	EndGlobalSection
	GlobalSection(TestCaseManagementSettings) = postSolution
		CategoryFile = ..\..\nilnul.num.rational\nilnul.num.rational.vsmdi
	EndGlobalSection
	GlobalSection(TestCaseManagementSettings) = postSolution
		CategoryFile = ..\..\msn@mesh\develop(120409)\projs\nilnul.net.login\nilnul.net.login.vsmdi
	EndGlobalSection
	GlobalSection(TestCaseManagementSettings) = postSolution
		CategoryFile = ..\..\msn@mesh\develop(120409)\projs\nilnul.net.login\nilnul.net.login.vsmdi
	EndGlobalSection
	GlobalSection(TestCaseManagementSettings) = postSolution
		CategoryFile = ..\..\nilnul.num.rational\nilnul.num.rational.vsmdi
	EndGlobalSection
	GlobalSection(TestCaseManagementSettings) = postSolution
		CategoryFile = ..\..\nilnul.num.rational\nilnul.num.rational.vsmdi
	EndGlobalSection
	GlobalSection(TestCaseManagementSettings) = postSolution
		CategoryFile = ..\..\nilnul.num.rational\nilnul.num.rational.vsmdi
	EndGlobalSection
	GlobalSection(TestCaseManagementSettings) = postSolution
		CategoryFile = ..\..\nilnul.num.rational\nilnul.num.rational.vsmdi
	EndGlobalSection
	GlobalSection(TestCaseManagementSettings) = postSolution
		CategoryFile = ..\..\nilnul.num.rational\nilnul.num.rational.vsmdi
	EndGlobalSection
	GlobalSection(TestCaseManagementSettings) = postSolution
		CategoryFile = StronglyConnectedComponents.vsmdi
	EndGlobalSection
EndGlobal
